
Microsoft Visual Studio Solution File, Format Version 12.00
# Visual Studio Version 16
VisualStudioVersion = 16.0.31911.196
MinimumVisualStudioVersion = 10.0.40219.1
Project("{FAE04EC0-301F-11D3-BF4B-00C04F79EFBC}") = "sa.gov.libgph", "lib-gph-portal\sa.gov.libgph.csproj", "{CAE0D0BF-9F0A-4A10-B4E4-383F9195B7AD}"
EndProject
Global
	GlobalSection(SolutionConfigurationPlatforms) = preSolution
		Debug|Any CPU = Debug|Any CPU
		Release|Any CPU = Release|Any CPU
	EndGlobalSection
	GlobalSection(ProjectConfigurationPlatforms) = postSolution
		{CAE0D0BF-9F0A-4A10-B4E4-383F9195B7AD}.Debug|Any CPU.ActiveCfg = Debug|Any CPU
		{CAE0D0BF-9F0A-4A10-B4E4-383F9195B7AD}.Debug|Any CPU.Build.0 = Debug|Any CPU
		{CAE0D0BF-9F0A-4A10-B4E4-383F9195B7AD}.Release|Any CPU.ActiveCfg = Release|Any CPU
		{CAE0D0BF-9F0A-4A10-B4E4-383F9195B7AD}.Release|Any CPU.Build.0 = Release|Any CPU
	EndGlobalSection
	GlobalSection(SolutionProperties) = preSolution
		HideSolutionNode = FALSE
	EndGlobalSection
	GlobalSection(ExtensibilityGlobals) = postSolution
		SolutionGuid = {DF1B91A1-60CE-44C9-8EE3-81CC58178D02}
	EndGlobalSection
EndGlobal
